
Microsoft Visual Studio Solution File, Format Version 12.00
# Visual Studio Version 18
VisualStudioVersion = 18.3.11512.155 d18.3
MinimumVisualStudioVersion = 10.0.40219.1
Project("{FAE04EC0-301F-11D3-BF4B-00C04F79EFBC}") = "IncidentManagementAPI", "IncidentManagementAPI\IncidentManagementAPI.csproj", "{823EF5AE-1FB3-4849-BE10-61825369B282}"
EndProject
Project("{FAE04EC0-301F-11D3-BF4B-00C04F79EFBC}") = "IncidentManagement.Auth", "IncidentManagement.Auth\IncidentManagement.Auth.csproj", "{EE352BFA-E73D-4F3E-8013-43597315E9A4}"
EndProject
Project("{FAE04EC0-301F-11D3-BF4B-00C04F79EFBC}") = "IncidentManagement.Gateway", "IncidentManagement.Gateway\IncidentManagement.Gateway.csproj", "{F82FDC0E-CBED-4C4A-A434-47D378E51C43}"
EndProject
Global
	GlobalSection(SolutionConfigurationPlatforms) = preSolution
		Debug|Any CPU = Debug|Any CPU
		Release|Any CPU = Release|Any CPU
	EndGlobalSection
	GlobalSection(ProjectConfigurationPlatforms) = postSolution
		{823EF5AE-1FB3-4849-BE10-61825369B282}.Debug|Any CPU.ActiveCfg = Debug|Any CPU
		{823EF5AE-1FB3-4849-BE10-61825369B282}.Debug|Any CPU.Build.0 = Debug|Any CPU
		{823EF5AE-1FB3-4849-BE10-61825369B282}.Release|Any CPU.ActiveCfg = Release|Any CPU
		{823EF5AE-1FB3-4849-BE10-61825369B282}.Release|Any CPU.Build.0 = Release|Any CPU
		{EE352BFA-E73D-4F3E-8013-43597315E9A4}.Debug|Any CPU.ActiveCfg = Debug|Any CPU
		{EE352BFA-E73D-4F3E-8013-43597315E9A4}.Debug|Any CPU.Build.0 = Debug|Any CPU
		{EE352BFA-E73D-4F3E-8013-43597315E9A4}.Release|Any CPU.ActiveCfg = Release|Any CPU
		{EE352BFA-E73D-4F3E-8013-43597315E9A4}.Release|Any CPU.Build.0 = Release|Any CPU
		{F82FDC0E-CBED-4C4A-A434-47D378E51C43}.Debug|Any CPU.ActiveCfg = Debug|Any CPU
		{F82FDC0E-CBED-4C4A-A434-47D378E51C43}.Debug|Any CPU.Build.0 = Debug|Any CPU
		{F82FDC0E-CBED-4C4A-A434-47D378E51C43}.Release|Any CPU.ActiveCfg = Release|Any CPU
		{F82FDC0E-CBED-4C4A-A434-47D378E51C43}.Release|Any CPU.Build.0 = Release|Any CPU
	EndGlobalSection
	GlobalSection(SolutionProperties) = preSolution
		HideSolutionNode = FALSE
	EndGlobalSection
	GlobalSection(ExtensibilityGlobals) = postSolution
		SolutionGuid = {AE1A6B93-BB79-4FEF-BDE6-C77629B719C1}
	EndGlobalSection
EndGlobal
